// !$*UTF8*$!
{
	archiveVersion = 1;
	classes = {
	};
	objectVersion = 46;
	objects = {

/* Begin PBXBuildFile section */
		5D37A2971B0C09F5005D65C0 /* FBSDKCoreKit.framework in Frameworks */ = {isa = PBXBuildFile; fileRef = 5D37A2961B0C09F5005D65C0 /* FBSDKCoreKit.framework */; };
		5D37A29A1B0C142B005D65C0 /* FBSDKLoginKit.framework in Frameworks */ = {isa = PBXBuildFile; fileRef = 5D37A2981B0C142B005D65C0 /* FBSDKLoginKit.framework */; };
		5D37A29B1B0C142B005D65C0 /* FBSDKShareKit.framework in Frameworks */ = {isa = PBXBuildFile; fileRef = 5D37A2991B0C142B005D65C0 /* FBSDKShareKit.framework */; };
		5D37A29E1B0C1C1F005D65C0 /* AHLoginModalViewController.m in Sources */ = {isa = PBXBuildFile; fileRef = 5D37A29D1B0C1C1F005D65C0 /* AHLoginModalViewController.m */; };
		5D37A2AD1B0C2B97005D65C0 /* AHBusiness.m in Sources */ = {isa = PBXBuildFile; fileRef = 5D37A2A41B0C2B97005D65C0 /* AHBusiness.m */; };
		5D37A2AE1B0C2B97005D65C0 /* AHGroup.m in Sources */ = {isa = PBXBuildFile; fileRef = 5D37A2A61B0C2B97005D65C0 /* AHGroup.m */; };
		5D37A2AF1B0C2B97005D65C0 /* AHGroupUser.m in Sources */ = {isa = PBXBuildFile; fileRef = 5D37A2A81B0C2B97005D65C0 /* AHGroupUser.m */; };
		5D37A2B01B0C2B97005D65C0 /* AHLocation.m in Sources */ = {isa = PBXBuildFile; fileRef = 5D37A2AA1B0C2B97005D65C0 /* AHLocation.m */; };
		5D37A2B11B0C2B97005D65C0 /* AHUser.m in Sources */ = {isa = PBXBuildFile; fileRef = 5D37A2AC1B0C2B97005D65C0 /* AHUser.m */; };
		5D37A2B91B0C2C26005D65C0 /* AHDataStore.m in Sources */ = {isa = PBXBuildFile; fileRef = 5D37A2B61B0C2C26005D65C0 /* AHDataStore.m */; };
		5D37A2BA1B0C2C26005D65C0 /* AHServiceManager.m in Sources */ = {isa = PBXBuildFile; fileRef = 5D37A2B81B0C2C26005D65C0 /* AHServiceManager.m */; };
		5D37A2CF1B0C2E9C005D65C0 /* AFHTTPRequestOperation.m in Sources */ = {isa = PBXBuildFile; fileRef = 5D37A2BD1B0C2E9C005D65C0 /* AFHTTPRequestOperation.m */; };
		5D37A2D01B0C2E9C005D65C0 /* AFHTTPRequestOperationManager.m in Sources */ = {isa = PBXBuildFile; fileRef = 5D37A2BF1B0C2E9C005D65C0 /* AFHTTPRequestOperationManager.m */; };
		5D37A2D11B0C2E9C005D65C0 /* AFHTTPSessionManager.m in Sources */ = {isa = PBXBuildFile; fileRef = 5D37A2C11B0C2E9C005D65C0 /* AFHTTPSessionManager.m */; };
		5D37A2D21B0C2E9C005D65C0 /* AFNetworkReachabilityManager.m in Sources */ = {isa = PBXBuildFile; fileRef = 5D37A2C41B0C2E9C005D65C0 /* AFNetworkReachabilityManager.m */; };
		5D37A2D31B0C2E9C005D65C0 /* AFSecurityPolicy.m in Sources */ = {isa = PBXBuildFile; fileRef = 5D37A2C61B0C2E9C005D65C0 /* AFSecurityPolicy.m */; };
		5D37A2D41B0C2E9C005D65C0 /* AFURLConnectionOperation.m in Sources */ = {isa = PBXBuildFile; fileRef = 5D37A2C81B0C2E9C005D65C0 /* AFURLConnectionOperation.m */; };
		5D37A2D51B0C2E9C005D65C0 /* AFURLRequestSerialization.m in Sources */ = {isa = PBXBuildFile; fileRef = 5D37A2CA1B0C2E9C005D65C0 /* AFURLRequestSerialization.m */; };
		5D37A2D61B0C2E9C005D65C0 /* AFURLResponseSerialization.m in Sources */ = {isa = PBXBuildFile; fileRef = 5D37A2CC1B0C2E9C005D65C0 /* AFURLResponseSerialization.m */; };
		5D37A2D71B0C2E9C005D65C0 /* AFURLSessionManager.m in Sources */ = {isa = PBXBuildFile; fileRef = 5D37A2CE1B0C2E9C005D65C0 /* AFURLSessionManager.m */; };
		5D37A2DA1B0C2FD9005D65C0 /* afterhours.xcdatamodeld in Sources */ = {isa = PBXBuildFile; fileRef = 5D37A2D81B0C2FD9005D65C0 /* afterhours.xcdatamodeld */; };
		5D37A2DD1B0D3254005D65C0 /* AHGroupViewController.m in Sources */ = {isa = PBXBuildFile; fileRef = 5D37A2DC1B0D3254005D65C0 /* AHGroupViewController.m */; };
		5D37A2E31B0D35FE005D65C0 /* AHSimpleSettingTableCell.m in Sources */ = {isa = PBXBuildFile; fileRef = 5D37A2E01B0D35FE005D65C0 /* AHSimpleSettingTableCell.m */; };
		5D37A2E41B0D35FE005D65C0 /* AHCompoundSettingTableCell.m in Sources */ = {isa = PBXBuildFile; fileRef = 5D37A2E21B0D35FE005D65C0 /* AHCompoundSettingTableCell.m */; };
		5D770FA21B116F0D007E660B /* AHNewGroupViewController.m in Sources */ = {isa = PBXBuildFile; fileRef = 5D770FA11B116F0D007E660B /* AHNewGroupViewController.m */; };
		5D8FD6341B0AB738003DC2CE /* main.m in Sources */ = {isa = PBXBuildFile; fileRef = 5D8FD6331B0AB738003DC2CE /* main.m */; };
		5D8FD6371B0AB738003DC2CE /* AppDelegate.m in Sources */ = {isa = PBXBuildFile; fileRef = 5D8FD6361B0AB738003DC2CE /* AppDelegate.m */; };
		5D8FD6401B0AB738003DC2CE /* Main.storyboard in Resources */ = {isa = PBXBuildFile; fileRef = 5D8FD63E1B0AB738003DC2CE /* Main.storyboard */; };
		5D8FD6421B0AB738003DC2CE /* Images.xcassets in Resources */ = {isa = PBXBuildFile; fileRef = 5D8FD6411B0AB738003DC2CE /* Images.xcassets */; };
		5D8FD6451B0AB738003DC2CE /* LaunchScreen.xib in Resources */ = {isa = PBXBuildFile; fileRef = 5D8FD6431B0AB738003DC2CE /* LaunchScreen.xib */; };
		5D8FD6511B0AB738003DC2CE /* afterhoursTests.m in Sources */ = {isa = PBXBuildFile; fileRef = 5D8FD6501B0AB738003DC2CE /* afterhoursTests.m */; };
		5D8FD6621B0AB7AC003DC2CE /* SystemConfiguration.framework in Frameworks */ = {isa = PBXBuildFile; fileRef = 5D8FD6611B0AB7AC003DC2CE /* SystemConfiguration.framework */; };
		5D8FD6641B0AB7B6003DC2CE /* QuartzCore.framework in Frameworks */ = {isa = PBXBuildFile; fileRef = 5D8FD6631B0AB7B6003DC2CE /* QuartzCore.framework */; };
		5D8FD6661B0AB7BD003DC2CE /* OpenGLES.framework in Frameworks */ = {isa = PBXBuildFile; fileRef = 5D8FD6651B0AB7BD003DC2CE /* OpenGLES.framework */; };
		5D8FD6681B0AB7C6003DC2CE /* libz.dylib in Frameworks */ = {isa = PBXBuildFile; fileRef = 5D8FD6671B0AB7C6003DC2CE /* libz.dylib */; };
		5D8FD66A1B0AB7D0003DC2CE /* libicucore.dylib in Frameworks */ = {isa = PBXBuildFile; fileRef = 5D8FD6691B0AB7D0003DC2CE /* libicucore.dylib */; };
		5D8FD66C1B0AB7D8003DC2CE /* libc++.dylib in Frameworks */ = {isa = PBXBuildFile; fileRef = 5D8FD66B1B0AB7D8003DC2CE /* libc++.dylib */; };
		5D8FD66E1B0AB7DE003DC2CE /* ImageIO.framework in Frameworks */ = {isa = PBXBuildFile; fileRef = 5D8FD66D1B0AB7DE003DC2CE /* ImageIO.framework */; };
		5D8FD6701B0AB7E3003DC2CE /* GLKit.framework in Frameworks */ = {isa = PBXBuildFile; fileRef = 5D8FD66F1B0AB7E3003DC2CE /* GLKit.framework */; };
		5D8FD6721B0AB7EA003DC2CE /* CoreText.framework in Frameworks */ = {isa = PBXBuildFile; fileRef = 5D8FD6711B0AB7EA003DC2CE /* CoreText.framework */; };
		5D8FD6741B0AB7F3003DC2CE /* CoreLocation.framework in Frameworks */ = {isa = PBXBuildFile; fileRef = 5D8FD6731B0AB7F3003DC2CE /* CoreLocation.framework */; };
		5D8FD6761B0AB7F8003DC2CE /* CoreData.framework in Frameworks */ = {isa = PBXBuildFile; fileRef = 5D8FD6751B0AB7F8003DC2CE /* CoreData.framework */; };
		5D8FD6781B0AB7FF003DC2CE /* AVFoundation.framework in Frameworks */ = {isa = PBXBuildFile; fileRef = 5D8FD6771B0AB7FF003DC2CE /* AVFoundation.framework */; };
		5D8FD67F1B0AB82C003DC2CE /* downArrow.png in Resources */ = {isa = PBXBuildFile; fileRef = 5D8FD67A1B0AB82C003DC2CE /* downArrow.png */; };
		5D8FD6801B0AB82C003DC2CE /* DownPicker.m in Sources */ = {isa = PBXBuildFile; fileRef = 5D8FD67C1B0AB82C003DC2CE /* DownPicker.m */; };
		5D8FD6811B0AB82C003DC2CE /* UIDownPicker.m in Sources */ = {isa = PBXBuildFile; fileRef = 5D8FD67E1B0AB82C003DC2CE /* UIDownPicker.m */; };
		5D8FD6851B0AB864003DC2CE /* AHMainViewController.m in Sources */ = {isa = PBXBuildFile; fileRef = 5D8FD6841B0AB864003DC2CE /* AHMainViewController.m */; };
		5D8FD6881B0AB872003DC2CE /* AHMapViewController.m in Sources */ = {isa = PBXBuildFile; fileRef = 5D8FD6871B0AB872003DC2CE /* AHMapViewController.m */; };
		5DC6E8361B16A5350065E397 /* AHUserTableCell.m in Sources */ = {isa = PBXBuildFile; fileRef = 5DC6E8351B16A5350065E397 /* AHUserTableCell.m */; };
		5DC6E8391B1955410065E397 /* AHLocationSearchController.m in Sources */ = {isa = PBXBuildFile; fileRef = 5DC6E8381B1955410065E397 /* AHLocationSearchController.m */; };
		5DC6E83C1B1956050065E397 /* AHLocationSearch.m in Sources */ = {isa = PBXBuildFile; fileRef = 5DC6E83B1B1956050065E397 /* AHLocationSearch.m */; };
		C27E3A58452B6ACB901A0E9B /* libPods.a in Frameworks */ = {isa = PBXBuildFile; fileRef = C92E28C72A819C076A687C80 /* libPods.a */; };
/* End PBXBuildFile section */

/* Begin PBXContainerItemProxy section */
		5D8FD64B1B0AB738003DC2CE /* PBXContainerItemProxy */ = {
			isa = PBXContainerItemProxy;
			containerPortal = 5D8FD6261B0AB738003DC2CE /* Project object */;
			proxyType = 1;
			remoteGlobalIDString = 5D8FD62D1B0AB738003DC2CE;
			remoteInfo = afterhours;
		};
/* End PBXContainerItemProxy section */

/* Begin PBXFileReference section */
		075295EA7FF6E5B909CF0200 /* Pods.release.xcconfig */ = {isa = PBXFileReference; includeInIndex = 1; lastKnownFileType = text.xcconfig; name = Pods.release.xcconfig; path = "Pods/Target Support Files/Pods/Pods.release.xcconfig"; sourceTree = "<group>"; };
		5D37A2961B0C09F5005D65C0 /* FBSDKCoreKit.framework */ = {isa = PBXFileReference; lastKnownFileType = wrapper.framework; name = FBSDKCoreKit.framework; path = ../Libs/FacebookSDK/FBSDKCoreKit.framework; sourceTree = "<group>"; };
		5D37A2981B0C142B005D65C0 /* FBSDKLoginKit.framework */ = {isa = PBXFileReference; lastKnownFileType = wrapper.framework; name = FBSDKLoginKit.framework; path = ../Libs/FacebookSDK/FBSDKLoginKit.framework; sourceTree = "<group>"; };
		5D37A2991B0C142B005D65C0 /* FBSDKShareKit.framework */ = {isa = PBXFileReference; lastKnownFileType = wrapper.framework; name = FBSDKShareKit.framework; path = ../Libs/FacebookSDK/FBSDKShareKit.framework; sourceTree = "<group>"; };
		5D37A29C1B0C1C1F005D65C0 /* AHLoginModalViewController.h */ = {isa = PBXFileReference; fileEncoding = 4; lastKnownFileType = sourcecode.c.h; path = AHLoginModalViewController.h; sourceTree = "<group>"; };
		5D37A29D1B0C1C1F005D65C0 /* AHLoginModalViewController.m */ = {isa = PBXFileReference; fileEncoding = 4; lastKnownFileType = sourcecode.c.objc; path = AHLoginModalViewController.m; sourceTree = "<group>"; };
		5D37A2A31B0C2B97005D65C0 /* AHBusiness.h */ = {isa = PBXFileReference; fileEncoding = 4; lastKnownFileType = sourcecode.c.h; path = AHBusiness.h; sourceTree = "<group>"; };
		5D37A2A41B0C2B97005D65C0 /* AHBusiness.m */ = {isa = PBXFileReference; fileEncoding = 4; lastKnownFileType = sourcecode.c.objc; path = AHBusiness.m; sourceTree = "<group>"; };
		5D37A2A51B0C2B97005D65C0 /* AHGroup.h */ = {isa = PBXFileReference; fileEncoding = 4; lastKnownFileType = sourcecode.c.h; path = AHGroup.h; sourceTree = "<group>"; };
		5D37A2A61B0C2B97005D65C0 /* AHGroup.m */ = {isa = PBXFileReference; fileEncoding = 4; lastKnownFileType = sourcecode.c.objc; path = AHGroup.m; sourceTree = "<group>"; };
		5D37A2A71B0C2B97005D65C0 /* AHGroupUser.h */ = {isa = PBXFileReference; fileEncoding = 4; lastKnownFileType = sourcecode.c.h; path = AHGroupUser.h; sourceTree = "<group>"; };
		5D37A2A81B0C2B97005D65C0 /* AHGroupUser.m */ = {isa = PBXFileReference; fileEncoding = 4; lastKnownFileType = sourcecode.c.objc; path = AHGroupUser.m; sourceTree = "<group>"; };
		5D37A2A91B0C2B97005D65C0 /* AHLocation.h */ = {isa = PBXFileReference; fileEncoding = 4; lastKnownFileType = sourcecode.c.h; path = AHLocation.h; sourceTree = "<group>"; };
		5D37A2AA1B0C2B97005D65C0 /* AHLocation.m */ = {isa = PBXFileReference; fileEncoding = 4; lastKnownFileType = sourcecode.c.objc; path = AHLocation.m; sourceTree = "<group>"; };
		5D37A2AB1B0C2B97005D65C0 /* AHUser.h */ = {isa = PBXFileReference; fileEncoding = 4; lastKnownFileType = sourcecode.c.h; path = AHUser.h; sourceTree = "<group>"; };
		5D37A2AC1B0C2B97005D65C0 /* AHUser.m */ = {isa = PBXFileReference; fileEncoding = 4; lastKnownFileType = sourcecode.c.objc; path = AHUser.m; sourceTree = "<group>"; };
		5D37A2B51B0C2C26005D65C0 /* AHDataStore.h */ = {isa = PBXFileReference; fileEncoding = 4; lastKnownFileType = sourcecode.c.h; path = AHDataStore.h; sourceTree = "<group>"; };
		5D37A2B61B0C2C26005D65C0 /* AHDataStore.m */ = {isa = PBXFileReference; fileEncoding = 4; lastKnownFileType = sourcecode.c.objc; path = AHDataStore.m; sourceTree = "<group>"; };
		5D37A2B71B0C2C26005D65C0 /* AHServiceManager.h */ = {isa = PBXFileReference; fileEncoding = 4; lastKnownFileType = sourcecode.c.h; path = AHServiceManager.h; sourceTree = "<group>"; };
		5D37A2B81B0C2C26005D65C0 /* AHServiceManager.m */ = {isa = PBXFileReference; fileEncoding = 4; lastKnownFileType = sourcecode.c.objc; path = AHServiceManager.m; sourceTree = "<group>"; };
		5D37A2BC1B0C2E9C005D65C0 /* AFHTTPRequestOperation.h */ = {isa = PBXFileReference; fileEncoding = 4; lastKnownFileType = sourcecode.c.h; path = AFHTTPRequestOperation.h; sourceTree = "<group>"; };
		5D37A2BD1B0C2E9C005D65C0 /* AFHTTPRequestOperation.m */ = {isa = PBXFileReference; fileEncoding = 4; lastKnownFileType = sourcecode.c.objc; path = AFHTTPRequestOperation.m; sourceTree = "<group>"; };
		5D37A2BE1B0C2E9C005D65C0 /* AFHTTPRequestOperationManager.h */ = {isa = PBXFileReference; fileEncoding = 4; lastKnownFileType = sourcecode.c.h; path = AFHTTPRequestOperationManager.h; sourceTree = "<group>"; };
		5D37A2BF1B0C2E9C005D65C0 /* AFHTTPRequestOperationManager.m */ = {isa = PBXFileReference; fileEncoding = 4; lastKnownFileType = sourcecode.c.objc; path = AFHTTPRequestOperationManager.m; sourceTree = "<group>"; };
		5D37A2C01B0C2E9C005D65C0 /* AFHTTPSessionManager.h */ = {isa = PBXFileReference; fileEncoding = 4; lastKnownFileType = sourcecode.c.h; path = AFHTTPSessionManager.h; sourceTree = "<group>"; };
		5D37A2C11B0C2E9C005D65C0 /* AFHTTPSessionManager.m */ = {isa = PBXFileReference; fileEncoding = 4; lastKnownFileType = sourcecode.c.objc; path = AFHTTPSessionManager.m; sourceTree = "<group>"; };
		5D37A2C21B0C2E9C005D65C0 /* AFNetworking.h */ = {isa = PBXFileReference; fileEncoding = 4; lastKnownFileType = sourcecode.c.h; path = AFNetworking.h; sourceTree = "<group>"; };
		5D37A2C31B0C2E9C005D65C0 /* AFNetworkReachabilityManager.h */ = {isa = PBXFileReference; fileEncoding = 4; lastKnownFileType = sourcecode.c.h; path = AFNetworkReachabilityManager.h; sourceTree = "<group>"; };
		5D37A2C41B0C2E9C005D65C0 /* AFNetworkReachabilityManager.m */ = {isa = PBXFileReference; fileEncoding = 4; lastKnownFileType = sourcecode.c.objc; path = AFNetworkReachabilityManager.m; sourceTree = "<group>"; };
		5D37A2C51B0C2E9C005D65C0 /* AFSecurityPolicy.h */ = {isa = PBXFileReference; fileEncoding = 4; lastKnownFileType = sourcecode.c.h; path = AFSecurityPolicy.h; sourceTree = "<group>"; };
		5D37A2C61B0C2E9C005D65C0 /* AFSecurityPolicy.m */ = {isa = PBXFileReference; fileEncoding = 4; lastKnownFileType = sourcecode.c.objc; path = AFSecurityPolicy.m; sourceTree = "<group>"; };
		5D37A2C71B0C2E9C005D65C0 /* AFURLConnectionOperation.h */ = {isa = PBXFileReference; fileEncoding = 4; lastKnownFileType = sourcecode.c.h; path = AFURLConnectionOperation.h; sourceTree = "<group>"; };
		5D37A2C81B0C2E9C005D65C0 /* AFURLConnectionOperation.m */ = {isa = PBXFileReference; fileEncoding = 4; lastKnownFileType = sourcecode.c.objc; path = AFURLConnectionOperation.m; sourceTree = "<group>"; };
		5D37A2C91B0C2E9C005D65C0 /* AFURLRequestSerialization.h */ = {isa = PBXFileReference; fileEncoding = 4; lastKnownFileType = sourcecode.c.h; path = AFURLRequestSerialization.h; sourceTree = "<group>"; };
		5D37A2CA1B0C2E9C005D65C0 /* AFURLRequestSerialization.m */ = {isa = PBXFileReference; fileEncoding = 4; lastKnownFileType = sourcecode.c.objc; path = AFURLRequestSerialization.m; sourceTree = "<group>"; };
		5D37A2CB1B0C2E9C005D65C0 /* AFURLResponseSerialization.h */ = {isa = PBXFileReference; fileEncoding = 4; lastKnownFileType = sourcecode.c.h; path = AFURLResponseSerialization.h; sourceTree = "<group>"; };
		5D37A2CC1B0C2E9C005D65C0 /* AFURLResponseSerialization.m */ = {isa = PBXFileReference; fileEncoding = 4; lastKnownFileType = sourcecode.c.objc; path = AFURLResponseSerialization.m; sourceTree = "<group>"; };
		5D37A2CD1B0C2E9C005D65C0 /* AFURLSessionManager.h */ = {isa = PBXFileReference; fileEncoding = 4; lastKnownFileType = sourcecode.c.h; path = AFURLSessionManager.h; sourceTree = "<group>"; };
		5D37A2CE1B0C2E9C005D65C0 /* AFURLSessionManager.m */ = {isa = PBXFileReference; fileEncoding = 4; lastKnownFileType = sourcecode.c.objc; path = AFURLSessionManager.m; sourceTree = "<group>"; };
		5D37A2D91B0C2FD9005D65C0 /* AfterHoursModels.xcdatamodel */ = {isa = PBXFileReference; lastKnownFileType = wrapper.xcdatamodel; path = AfterHoursModels.xcdatamodel; sourceTree = "<group>"; };
		5D37A2DB1B0D3254005D65C0 /* AHGroupViewController.h */ = {isa = PBXFileReference; fileEncoding = 4; lastKnownFileType = sourcecode.c.h; path = AHGroupViewController.h; sourceTree = "<group>"; };
		5D37A2DC1B0D3254005D65C0 /* AHGroupViewController.m */ = {isa = PBXFileReference; fileEncoding = 4; lastKnownFileType = sourcecode.c.objc; path = AHGroupViewController.m; sourceTree = "<group>"; };
		5D37A2DF1B0D35FE005D65C0 /* AHSimpleSettingTableCell.h */ = {isa = PBXFileReference; fileEncoding = 4; lastKnownFileType = sourcecode.c.h; path = AHSimpleSettingTableCell.h; sourceTree = "<group>"; };
		5D37A2E01B0D35FE005D65C0 /* AHSimpleSettingTableCell.m */ = {isa = PBXFileReference; fileEncoding = 4; lastKnownFileType = sourcecode.c.objc; path = AHSimpleSettingTableCell.m; sourceTree = "<group>"; };
		5D37A2E11B0D35FE005D65C0 /* AHCompoundSettingTableCell.h */ = {isa = PBXFileReference; fileEncoding = 4; lastKnownFileType = sourcecode.c.h; path = AHCompoundSettingTableCell.h; sourceTree = "<group>"; };
		5D37A2E21B0D35FE005D65C0 /* AHCompoundSettingTableCell.m */ = {isa = PBXFileReference; fileEncoding = 4; lastKnownFileType = sourcecode.c.objc; path = AHCompoundSettingTableCell.m; sourceTree = "<group>"; };
		5D770FA01B116F0D007E660B /* AHNewGroupViewController.h */ = {isa = PBXFileReference; fileEncoding = 4; lastKnownFileType = sourcecode.c.h; path = AHNewGroupViewController.h; sourceTree = "<group>"; };
		5D770FA11B116F0D007E660B /* AHNewGroupViewController.m */ = {isa = PBXFileReference; fileEncoding = 4; lastKnownFileType = sourcecode.c.objc; path = AHNewGroupViewController.m; sourceTree = "<group>"; };
		5D8FD62E1B0AB738003DC2CE /* afterhours.app */ = {isa = PBXFileReference; explicitFileType = wrapper.application; includeInIndex = 0; path = afterhours.app; sourceTree = BUILT_PRODUCTS_DIR; };
		5D8FD6321B0AB738003DC2CE /* Info.plist */ = {isa = PBXFileReference; lastKnownFileType = text.plist.xml; path = Info.plist; sourceTree = "<group>"; };
		5D8FD6331B0AB738003DC2CE /* main.m */ = {isa = PBXFileReference; lastKnownFileType = sourcecode.c.objc; path = main.m; sourceTree = "<group>"; };
		5D8FD6351B0AB738003DC2CE /* AppDelegate.h */ = {isa = PBXFileReference; lastKnownFileType = sourcecode.c.h; path = AppDelegate.h; sourceTree = "<group>"; };
		5D8FD6361B0AB738003DC2CE /* AppDelegate.m */ = {isa = PBXFileReference; lastKnownFileType = sourcecode.c.objc; path = AppDelegate.m; sourceTree = "<group>"; };
		5D8FD63F1B0AB738003DC2CE /* Base */ = {isa = PBXFileReference; lastKnownFileType = file.storyboard; name = Base; path = Base.lproj/Main.storyboard; sourceTree = "<group>"; };
		5D8FD6411B0AB738003DC2CE /* Images.xcassets */ = {isa = PBXFileReference; lastKnownFileType = folder.assetcatalog; path = Images.xcassets; sourceTree = "<group>"; };
		5D8FD6441B0AB738003DC2CE /* Base */ = {isa = PBXFileReference; lastKnownFileType = file.xib; name = Base; path = Base.lproj/LaunchScreen.xib; sourceTree = "<group>"; };
		5D8FD64A1B0AB738003DC2CE /* afterhoursTests.xctest */ = {isa = PBXFileReference; explicitFileType = wrapper.cfbundle; includeInIndex = 0; path = afterhoursTests.xctest; sourceTree = BUILT_PRODUCTS_DIR; };
		5D8FD64F1B0AB738003DC2CE /* Info.plist */ = {isa = PBXFileReference; lastKnownFileType = text.plist.xml; path = Info.plist; sourceTree = "<group>"; };
		5D8FD6501B0AB738003DC2CE /* afterhoursTests.m */ = {isa = PBXFileReference; lastKnownFileType = sourcecode.c.objc; path = afterhoursTests.m; sourceTree = "<group>"; };
		5D8FD6611B0AB7AC003DC2CE /* SystemConfiguration.framework */ = {isa = PBXFileReference; lastKnownFileType = wrapper.framework; name = SystemConfiguration.framework; path = System/Library/Frameworks/SystemConfiguration.framework; sourceTree = SDKROOT; };
		5D8FD6631B0AB7B6003DC2CE /* QuartzCore.framework */ = {isa = PBXFileReference; lastKnownFileType = wrapper.framework; name = QuartzCore.framework; path = System/Library/Frameworks/QuartzCore.framework; sourceTree = SDKROOT; };
		5D8FD6651B0AB7BD003DC2CE /* OpenGLES.framework */ = {isa = PBXFileReference; lastKnownFileType = wrapper.framework; name = OpenGLES.framework; path = System/Library/Frameworks/OpenGLES.framework; sourceTree = SDKROOT; };
		5D8FD6671B0AB7C6003DC2CE /* libz.dylib */ = {isa = PBXFileReference; lastKnownFileType = "compiled.mach-o.dylib"; name = libz.dylib; path = usr/lib/libz.dylib; sourceTree = SDKROOT; };
		5D8FD6691B0AB7D0003DC2CE /* libicucore.dylib */ = {isa = PBXFileReference; lastKnownFileType = "compiled.mach-o.dylib"; name = libicucore.dylib; path = usr/lib/libicucore.dylib; sourceTree = SDKROOT; };
		5D8FD66B1B0AB7D8003DC2CE /* libc++.dylib */ = {isa = PBXFileReference; lastKnownFileType = "compiled.mach-o.dylib"; name = "libc++.dylib"; path = "usr/lib/libc++.dylib"; sourceTree = SDKROOT; };
		5D8FD66D1B0AB7DE003DC2CE /* ImageIO.framework */ = {isa = PBXFileReference; lastKnownFileType = wrapper.framework; name = ImageIO.framework; path = System/Library/Frameworks/ImageIO.framework; sourceTree = SDKROOT; };
		5D8FD66F1B0AB7E3003DC2CE /* GLKit.framework */ = {isa = PBXFileReference; lastKnownFileType = wrapper.framework; name = GLKit.framework; path = System/Library/Frameworks/GLKit.framework; sourceTree = SDKROOT; };
		5D8FD6711B0AB7EA003DC2CE /* CoreText.framework */ = {isa = PBXFileReference; lastKnownFileType = wrapper.framework; name = CoreText.framework; path = System/Library/Frameworks/CoreText.framework; sourceTree = SDKROOT; };
		5D8FD6731B0AB7F3003DC2CE /* CoreLocation.framework */ = {isa = PBXFileReference; lastKnownFileType = wrapper.framework; name = CoreLocation.framework; path = System/Library/Frameworks/CoreLocation.framework; sourceTree = SDKROOT; };
		5D8FD6751B0AB7F8003DC2CE /* CoreData.framework */ = {isa = PBXFileReference; lastKnownFileType = wrapper.framework; name = CoreData.framework; path = System/Library/Frameworks/CoreData.framework; sourceTree = SDKROOT; };
		5D8FD6771B0AB7FF003DC2CE /* AVFoundation.framework */ = {isa = PBXFileReference; lastKnownFileType = wrapper.framework; name = AVFoundation.framework; path = System/Library/Frameworks/AVFoundation.framework; sourceTree = SDKROOT; };
		5D8FD67A1B0AB82C003DC2CE /* downArrow.png */ = {isa = PBXFileReference; lastKnownFileType = image.png; path = downArrow.png; sourceTree = "<group>"; };
		5D8FD67B1B0AB82C003DC2CE /* DownPicker.h */ = {isa = PBXFileReference; fileEncoding = 4; lastKnownFileType = sourcecode.c.h; path = DownPicker.h; sourceTree = "<group>"; };
		5D8FD67C1B0AB82C003DC2CE /* DownPicker.m */ = {isa = PBXFileReference; fileEncoding = 4; lastKnownFileType = sourcecode.c.objc; path = DownPicker.m; sourceTree = "<group>"; };
		5D8FD67D1B0AB82C003DC2CE /* UIDownPicker.h */ = {isa = PBXFileReference; fileEncoding = 4; lastKnownFileType = sourcecode.c.h; path = UIDownPicker.h; sourceTree = "<group>"; };
		5D8FD67E1B0AB82C003DC2CE /* UIDownPicker.m */ = {isa = PBXFileReference; fileEncoding = 4; lastKnownFileType = sourcecode.c.objc; path = UIDownPicker.m; sourceTree = "<group>"; };
		5D8FD6831B0AB864003DC2CE /* AHMainViewController.h */ = {isa = PBXFileReference; fileEncoding = 4; lastKnownFileType = sourcecode.c.h; path = AHMainViewController.h; sourceTree = "<group>"; };
		5D8FD6841B0AB864003DC2CE /* AHMainViewController.m */ = {isa = PBXFileReference; fileEncoding = 4; lastKnownFileType = sourcecode.c.objc; path = AHMainViewController.m; sourceTree = "<group>"; };
		5D8FD6861B0AB872003DC2CE /* AHMapViewController.h */ = {isa = PBXFileReference; fileEncoding = 4; lastKnownFileType = sourcecode.c.h; path = AHMapViewController.h; sourceTree = "<group>"; };
		5D8FD6871B0AB872003DC2CE /* AHMapViewController.m */ = {isa = PBXFileReference; fileEncoding = 4; lastKnownFileType = sourcecode.c.objc; path = AHMapViewController.m; sourceTree = "<group>"; };
		5DC6E8341B16A5350065E397 /* AHUserTableCell.h */ = {isa = PBXFileReference; fileEncoding = 4; lastKnownFileType = sourcecode.c.h; path = AHUserTableCell.h; sourceTree = "<group>"; };
		5DC6E8351B16A5350065E397 /* AHUserTableCell.m */ = {isa = PBXFileReference; fileEncoding = 4; lastKnownFileType = sourcecode.c.objc; path = AHUserTableCell.m; sourceTree = "<group>"; };
		5DC6E8371B1955410065E397 /* AHLocationSearchController.h */ = {isa = PBXFileReference; fileEncoding = 4; lastKnownFileType = sourcecode.c.h; path = AHLocationSearchController.h; sourceTree = "<group>"; };
		5DC6E8381B1955410065E397 /* AHLocationSearchController.m */ = {isa = PBXFileReference; fileEncoding = 4; lastKnownFileType = sourcecode.c.objc; path = AHLocationSearchController.m; sourceTree = "<group>"; };
		5DC6E83A1B1956050065E397 /* AHLocationSearch.h */ = {isa = PBXFileReference; fileEncoding = 4; lastKnownFileType = sourcecode.c.h; path = AHLocationSearch.h; sourceTree = "<group>"; };
		5DC6E83B1B1956050065E397 /* AHLocationSearch.m */ = {isa = PBXFileReference; fileEncoding = 4; lastKnownFileType = sourcecode.c.objc; path = AHLocationSearch.m; sourceTree = "<group>"; };
		AF0A8BCAD967A5143405BCAC /* Pods.debug.xcconfig */ = {isa = PBXFileReference; includeInIndex = 1; lastKnownFileType = text.xcconfig; name = Pods.debug.xcconfig; path = "Pods/Target Support Files/Pods/Pods.debug.xcconfig"; sourceTree = "<group>"; };
		C92E28C72A819C076A687C80 /* libPods.a */ = {isa = PBXFileReference; explicitFileType = archive.ar; includeInIndex = 0; path = libPods.a; sourceTree = BUILT_PRODUCTS_DIR; };
/* End PBXFileReference section */

/* Begin PBXFrameworksBuildPhase section */
		5D8FD62B1B0AB738003DC2CE /* Frameworks */ = {
			isa = PBXFrameworksBuildPhase;
			buildActionMask = 2147483647;
			files = (
				5D8FD6781B0AB7FF003DC2CE /* AVFoundation.framework in Frameworks */,
				5D8FD6761B0AB7F8003DC2CE /* CoreData.framework in Frameworks */,
				5D37A29A1B0C142B005D65C0 /* FBSDKLoginKit.framework in Frameworks */,
				5D8FD6741B0AB7F3003DC2CE /* CoreLocation.framework in Frameworks */,
				5D8FD6721B0AB7EA003DC2CE /* CoreText.framework in Frameworks */,
				5D8FD6701B0AB7E3003DC2CE /* GLKit.framework in Frameworks */,
				5D8FD66E1B0AB7DE003DC2CE /* ImageIO.framework in Frameworks */,
				5D8FD66C1B0AB7D8003DC2CE /* libc++.dylib in Frameworks */,
				5D37A29B1B0C142B005D65C0 /* FBSDKShareKit.framework in Frameworks */,
				5D8FD66A1B0AB7D0003DC2CE /* libicucore.dylib in Frameworks */,
				5D8FD6681B0AB7C6003DC2CE /* libz.dylib in Frameworks */,
				5D8FD6661B0AB7BD003DC2CE /* OpenGLES.framework in Frameworks */,
				5D8FD6641B0AB7B6003DC2CE /* QuartzCore.framework in Frameworks */,
				5D37A2971B0C09F5005D65C0 /* FBSDKCoreKit.framework in Frameworks */,
				5D8FD6621B0AB7AC003DC2CE /* SystemConfiguration.framework in Frameworks */,
				C27E3A58452B6ACB901A0E9B /* libPods.a in Frameworks */,
			);
			runOnlyForDeploymentPostprocessing = 0;
		};
		5D8FD6471B0AB738003DC2CE /* Frameworks */ = {
			isa = PBXFrameworksBuildPhase;
			buildActionMask = 2147483647;
			files = (
			);
			runOnlyForDeploymentPostprocessing = 0;
		};
/* End PBXFrameworksBuildPhase section */

/* Begin PBXGroup section */
		5D37A29F1B0C2869005D65C0 /* Models */ = {
			isa = PBXGroup;
			children = (
				5D37A2D81B0C2FD9005D65C0 /* afterhours.xcdatamodeld */,
				5D37A2A31B0C2B97005D65C0 /* AHBusiness.h */,
				5D37A2A41B0C2B97005D65C0 /* AHBusiness.m */,
				5D37A2A51B0C2B97005D65C0 /* AHGroup.h */,
				5D37A2A61B0C2B97005D65C0 /* AHGroup.m */,
				5D37A2A71B0C2B97005D65C0 /* AHGroupUser.h */,
				5D37A2A81B0C2B97005D65C0 /* AHGroupUser.m */,
				5D37A2A91B0C2B97005D65C0 /* AHLocation.h */,
				5D37A2AA1B0C2B97005D65C0 /* AHLocation.m */,
				5D37A2AB1B0C2B97005D65C0 /* AHUser.h */,
				5D37A2AC1B0C2B97005D65C0 /* AHUser.m */,
				5DC6E83A1B1956050065E397 /* AHLocationSearch.h */,
				5DC6E83B1B1956050065E397 /* AHLocationSearch.m */,
			);
			name = Models;
			sourceTree = "<group>";
		};
		5D37A2B41B0C2C06005D65C0 /* Helpers */ = {
			isa = PBXGroup;
			children = (
				5D37A2B51B0C2C26005D65C0 /* AHDataStore.h */,
				5D37A2B61B0C2C26005D65C0 /* AHDataStore.m */,
				5D37A2B71B0C2C26005D65C0 /* AHServiceManager.h */,
				5D37A2B81B0C2C26005D65C0 /* AHServiceManager.m */,
			);
			name = Helpers;
			sourceTree = "<group>";
		};
		5D37A2BB1B0C2E9C005D65C0 /* AFNetworking */ = {
			isa = PBXGroup;
			children = (
				5D37A2BC1B0C2E9C005D65C0 /* AFHTTPRequestOperation.h */,
				5D37A2BD1B0C2E9C005D65C0 /* AFHTTPRequestOperation.m */,
				5D37A2BE1B0C2E9C005D65C0 /* AFHTTPRequestOperationManager.h */,
				5D37A2BF1B0C2E9C005D65C0 /* AFHTTPRequestOperationManager.m */,
				5D37A2C01B0C2E9C005D65C0 /* AFHTTPSessionManager.h */,
				5D37A2C11B0C2E9C005D65C0 /* AFHTTPSessionManager.m */,
				5D37A2C21B0C2E9C005D65C0 /* AFNetworking.h */,
				5D37A2C31B0C2E9C005D65C0 /* AFNetworkReachabilityManager.h */,
				5D37A2C41B0C2E9C005D65C0 /* AFNetworkReachabilityManager.m */,
				5D37A2C51B0C2E9C005D65C0 /* AFSecurityPolicy.h */,
				5D37A2C61B0C2E9C005D65C0 /* AFSecurityPolicy.m */,
				5D37A2C71B0C2E9C005D65C0 /* AFURLConnectionOperation.h */,
				5D37A2C81B0C2E9C005D65C0 /* AFURLConnectionOperation.m */,
				5D37A2C91B0C2E9C005D65C0 /* AFURLRequestSerialization.h */,
				5D37A2CA1B0C2E9C005D65C0 /* AFURLRequestSerialization.m */,
				5D37A2CB1B0C2E9C005D65C0 /* AFURLResponseSerialization.h */,
				5D37A2CC1B0C2E9C005D65C0 /* AFURLResponseSerialization.m */,
				5D37A2CD1B0C2E9C005D65C0 /* AFURLSessionManager.h */,
				5D37A2CE1B0C2E9C005D65C0 /* AFURLSessionManager.m */,
			);
			path = AFNetworking;
			sourceTree = "<group>";
		};
		5D37A2DE1B0D35EB005D65C0 /* Views */ = {
			isa = PBXGroup;
			children = (
				5D37A2DF1B0D35FE005D65C0 /* AHSimpleSettingTableCell.h */,
				5D37A2E01B0D35FE005D65C0 /* AHSimpleSettingTableCell.m */,
				5D37A2E11B0D35FE005D65C0 /* AHCompoundSettingTableCell.h */,
				5D37A2E21B0D35FE005D65C0 /* AHCompoundSettingTableCell.m */,
				5DC6E8341B16A5350065E397 /* AHUserTableCell.h */,
				5DC6E8351B16A5350065E397 /* AHUserTableCell.m */,
			);
			name = Views;
			sourceTree = "<group>";
		};
		5D8FD6251B0AB738003DC2CE = {
			isa = PBXGroup;
			children = (
				5D8FD65C1B0AB768003DC2CE /* Frameworks */,
				5D8FD6301B0AB738003DC2CE /* afterhours */,
				5D8FD64D1B0AB738003DC2CE /* afterhoursTests */,
				5D8FD62F1B0AB738003DC2CE /* Products */,
				AFC9FB05F682FEA638B1E5C8 /* Pods */,
			);
			sourceTree = "<group>";
		};
		5D8FD62F1B0AB738003DC2CE /* Products */ = {
			isa = PBXGroup;
			children = (
				5D8FD62E1B0AB738003DC2CE /* afterhours.app */,
				5D8FD64A1B0AB738003DC2CE /* afterhoursTests.xctest */,
			);
			name = Products;
			sourceTree = "<group>";
		};
		5D8FD6301B0AB738003DC2CE /* afterhours */ = {
			isa = PBXGroup;
			children = (
				5D37A2DE1B0D35EB005D65C0 /* Views */,
				5D37A2BB1B0C2E9C005D65C0 /* AFNetworking */,
				5D37A2B41B0C2C06005D65C0 /* Helpers */,
				5D37A29F1B0C2869005D65C0 /* Models */,
				5D8FD6821B0AB836003DC2CE /* Controllers */,
				5D8FD6791B0AB82C003DC2CE /* DownPicker */,
				5D8FD6351B0AB738003DC2CE /* AppDelegate.h */,
				5D8FD6361B0AB738003DC2CE /* AppDelegate.m */,
				5D8FD63E1B0AB738003DC2CE /* Main.storyboard */,
				5D8FD6411B0AB738003DC2CE /* Images.xcassets */,
				5D8FD6431B0AB738003DC2CE /* LaunchScreen.xib */,
				5D8FD6311B0AB738003DC2CE /* Supporting Files */,
			);
			path = afterhours;
			sourceTree = "<group>";
		};
		5D8FD6311B0AB738003DC2CE /* Supporting Files */ = {
			isa = PBXGroup;
			children = (
				5D8FD6321B0AB738003DC2CE /* Info.plist */,
				5D8FD6331B0AB738003DC2CE /* main.m */,
			);
			name = "Supporting Files";
			sourceTree = "<group>";
		};
		5D8FD64D1B0AB738003DC2CE /* afterhoursTests */ = {
			isa = PBXGroup;
			children = (
				5D8FD6501B0AB738003DC2CE /* afterhoursTests.m */,
				5D8FD64E1B0AB738003DC2CE /* Supporting Files */,
			);
			path = afterhoursTests;
			sourceTree = "<group>";
		};
		5D8FD64E1B0AB738003DC2CE /* Supporting Files */ = {
			isa = PBXGroup;
			children = (
				5D8FD64F1B0AB738003DC2CE /* Info.plist */,
			);
			name = "Supporting Files";
			sourceTree = "<group>";
		};
		5D8FD65C1B0AB768003DC2CE /* Frameworks */ = {
			isa = PBXGroup;
			children = (
				5D37A2981B0C142B005D65C0 /* FBSDKLoginKit.framework */,
				5D37A2991B0C142B005D65C0 /* FBSDKShareKit.framework */,
				5D37A2961B0C09F5005D65C0 /* FBSDKCoreKit.framework */,
				5D8FD6771B0AB7FF003DC2CE /* AVFoundation.framework */,
				5D8FD6751B0AB7F8003DC2CE /* CoreData.framework */,
				5D8FD6731B0AB7F3003DC2CE /* CoreLocation.framework */,
				5D8FD6711B0AB7EA003DC2CE /* CoreText.framework */,
				5D8FD66F1B0AB7E3003DC2CE /* GLKit.framework */,
				5D8FD66D1B0AB7DE003DC2CE /* ImageIO.framework */,
				5D8FD66B1B0AB7D8003DC2CE /* libc++.dylib */,
				5D8FD6691B0AB7D0003DC2CE /* libicucore.dylib */,
				5D8FD6671B0AB7C6003DC2CE /* libz.dylib */,
				5D8FD6651B0AB7BD003DC2CE /* OpenGLES.framework */,
				5D8FD6631B0AB7B6003DC2CE /* QuartzCore.framework */,
				5D8FD6611B0AB7AC003DC2CE /* SystemConfiguration.framework */,
				C92E28C72A819C076A687C80 /* libPods.a */,
			);
			name = Frameworks;
			sourceTree = "<group>";
		};
		5D8FD6791B0AB82C003DC2CE /* DownPicker */ = {
			isa = PBXGroup;
			children = (
				5D8FD67A1B0AB82C003DC2CE /* downArrow.png */,
				5D8FD67B1B0AB82C003DC2CE /* DownPicker.h */,
				5D8FD67C1B0AB82C003DC2CE /* DownPicker.m */,
				5D8FD67D1B0AB82C003DC2CE /* UIDownPicker.h */,
				5D8FD67E1B0AB82C003DC2CE /* UIDownPicker.m */,
			);
			path = DownPicker;
			sourceTree = "<group>";
		};
		5D8FD6821B0AB836003DC2CE /* Controllers */ = {
			isa = PBXGroup;
			children = (
				5D8FD6831B0AB864003DC2CE /* AHMainViewController.h */,
				5D8FD6841B0AB864003DC2CE /* AHMainViewController.m */,
				5D8FD6861B0AB872003DC2CE /* AHMapViewController.h */,
				5D8FD6871B0AB872003DC2CE /* AHMapViewController.m */,
				5D37A29C1B0C1C1F005D65C0 /* AHLoginModalViewController.h */,
				5D37A29D1B0C1C1F005D65C0 /* AHLoginModalViewController.m */,
				5D37A2DB1B0D3254005D65C0 /* AHGroupViewController.h */,
				5D37A2DC1B0D3254005D65C0 /* AHGroupViewController.m */,
				5D770FA01B116F0D007E660B /* AHNewGroupViewController.h */,
				5D770FA11B116F0D007E660B /* AHNewGroupViewController.m */,
				5DC6E8371B1955410065E397 /* AHLocationSearchController.h */,
				5DC6E8381B1955410065E397 /* AHLocationSearchController.m */,
			);
			name = Controllers;
			sourceTree = "<group>";
		};
		AFC9FB05F682FEA638B1E5C8 /* Pods */ = {
			isa = PBXGroup;
			children = (
				AF0A8BCAD967A5143405BCAC /* Pods.debug.xcconfig */,
				075295EA7FF6E5B909CF0200 /* Pods.release.xcconfig */,
			);
			name = Pods;
			sourceTree = "<group>";
		};
/* End PBXGroup section */

/* Begin PBXNativeTarget section */
		5D8FD62D1B0AB738003DC2CE /* afterhours */ = {
			isa = PBXNativeTarget;
			buildConfigurationList = 5D8FD6541B0AB738003DC2CE /* Build configuration list for PBXNativeTarget "afterhours" */;
			buildPhases = (
				75492AAB9C202CBA17DA5FE9 /* Check Pods Manifest.lock */,
				5D8FD62A1B0AB738003DC2CE /* Sources */,
				5D8FD62B1B0AB738003DC2CE /* Frameworks */,
				5D8FD62C1B0AB738003DC2CE /* Resources */,
				2D8251B5A8F2D2130597E84F /* Copy Pods Resources */,
			);
			buildRules = (
			);
			dependencies = (
			);
			name = afterhours;
			productName = afterhours;
			productReference = 5D8FD62E1B0AB738003DC2CE /* afterhours.app */;
			productType = "com.apple.product-type.application";
		};
		5D8FD6491B0AB738003DC2CE /* afterhoursTests */ = {
			isa = PBXNativeTarget;
			buildConfigurationList = 5D8FD6571B0AB738003DC2CE /* Build configuration list for PBXNativeTarget "afterhoursTests" */;
			buildPhases = (
				5D8FD6461B0AB738003DC2CE /* Sources */,
				5D8FD6471B0AB738003DC2CE /* Frameworks */,
				5D8FD6481B0AB738003DC2CE /* Resources */,
			);
			buildRules = (
			);
			dependencies = (
				5D8FD64C1B0AB738003DC2CE /* PBXTargetDependency */,
			);
			name = afterhoursTests;
			productName = afterhoursTests;
			productReference = 5D8FD64A1B0AB738003DC2CE /* afterhoursTests.xctest */;
			productType = "com.apple.product-type.bundle.unit-test";
		};
/* End PBXNativeTarget section */

/* Begin PBXProject section */
		5D8FD6261B0AB738003DC2CE /* Project object */ = {
			isa = PBXProject;
			attributes = {
				LastUpgradeCheck = 0630;
				ORGANIZATIONNAME = "After Hours";
				TargetAttributes = {
					5D8FD62D1B0AB738003DC2CE = {
						CreatedOnToolsVersion = 6.3;
					};
					5D8FD6491B0AB738003DC2CE = {
						CreatedOnToolsVersion = 6.3;
						TestTargetID = 5D8FD62D1B0AB738003DC2CE;
					};
				};
			};
			buildConfigurationList = 5D8FD6291B0AB738003DC2CE /* Build configuration list for PBXProject "afterhours" */;
			compatibilityVersion = "Xcode 3.2";
			developmentRegion = English;
			hasScannedForEncodings = 0;
			knownRegions = (
				en,
				Base,
			);
			mainGroup = 5D8FD6251B0AB738003DC2CE;
			productRefGroup = 5D8FD62F1B0AB738003DC2CE /* Products */;
			projectDirPath = "";
			projectRoot = "";
			targets = (
				5D8FD62D1B0AB738003DC2CE /* afterhours */,
				5D8FD6491B0AB738003DC2CE /* afterhoursTests */,
			);
		};
/* End PBXProject section */

/* Begin PBXResourcesBuildPhase section */
		5D8FD62C1B0AB738003DC2CE /* Resources */ = {
			isa = PBXResourcesBuildPhase;
			buildActionMask = 2147483647;
			files = (
				5D8FD6401B0AB738003DC2CE /* Main.storyboard in Resources */,
				5D8FD6451B0AB738003DC2CE /* LaunchScreen.xib in Resources */,
				5D8FD6421B0AB738003DC2CE /* Images.xcassets in Resources */,
				5D8FD67F1B0AB82C003DC2CE /* downArrow.png in Resources */,
			);
			runOnlyForDeploymentPostprocessing = 0;
		};
		5D8FD6481B0AB738003DC2CE /* Resources */ = {
			isa = PBXResourcesBuildPhase;
			buildActionMask = 2147483647;
			files = (
			);
			runOnlyForDeploymentPostprocessing = 0;
		};
/* End PBXResourcesBuildPhase section */

/* Begin PBXShellScriptBuildPhase section */
		2D8251B5A8F2D2130597E84F /* Copy Pods Resources */ = {
			isa = PBXShellScriptBuildPhase;
			buildActionMask = 2147483647;
			files = (
			);
			inputPaths = (
			);
			name = "Copy Pods Resources";
			outputPaths = (
			);
			runOnlyForDeploymentPostprocessing = 0;
			shellPath = /bin/sh;
			shellScript = "\"${SRCROOT}/Pods/Target Support Files/Pods/Pods-resources.sh\"\n";
			showEnvVarsInLog = 0;
		};
		75492AAB9C202CBA17DA5FE9 /* Check Pods Manifest.lock */ = {
			isa = PBXShellScriptBuildPhase;
			buildActionMask = 2147483647;
			files = (
			);
			inputPaths = (
			);
			name = "Check Pods Manifest.lock";
			outputPaths = (
			);
			runOnlyForDeploymentPostprocessing = 0;
			shellPath = /bin/sh;
			shellScript = "diff \"${PODS_ROOT}/../Podfile.lock\" \"${PODS_ROOT}/Manifest.lock\" > /dev/null\nif [[ $? != 0 ]] ; then\n    cat << EOM\nerror: The sandbox is not in sync with the Podfile.lock. Run 'pod install' or update your CocoaPods installation.\nEOM\n    exit 1\nfi\n";
			showEnvVarsInLog = 0;
		};
/* End PBXShellScriptBuildPhase section */

/* Begin PBXSourcesBuildPhase section */
		5D8FD62A1B0AB738003DC2CE /* Sources */ = {
			isa = PBXSourcesBuildPhase;
			buildActionMask = 2147483647;
			files = (
				5D8FD6371B0AB738003DC2CE /* AppDelegate.m in Sources */,
				5D37A2AF1B0C2B97005D65C0 /* AHGroupUser.m in Sources */,
				5D37A2AD1B0C2B97005D65C0 /* AHBusiness.m in Sources */,
				5D37A2D11B0C2E9C005D65C0 /* AFHTTPSessionManager.m in Sources */,
				5D8FD6851B0AB864003DC2CE /* AHMainViewController.m in Sources */,
				5D37A2D21B0C2E9C005D65C0 /* AFNetworkReachabilityManager.m in Sources */,
				5D37A2CF1B0C2E9C005D65C0 /* AFHTTPRequestOperation.m in Sources */,
				5D37A2D51B0C2E9C005D65C0 /* AFURLRequestSerialization.m in Sources */,
				5D770FA21B116F0D007E660B /* AHNewGroupViewController.m in Sources */,
				5D37A2D41B0C2E9C005D65C0 /* AFURLConnectionOperation.m in Sources */,
				5D37A2D71B0C2E9C005D65C0 /* AFURLSessionManager.m in Sources */,
				5D8FD6811B0AB82C003DC2CE /* UIDownPicker.m in Sources */,
				5D8FD6341B0AB738003DC2CE /* main.m in Sources */,
				5DC6E8391B1955410065E397 /* AHLocationSearchController.m in Sources */,
				5D37A2DD1B0D3254005D65C0 /* AHGroupViewController.m in Sources */,
				5D37A29E1B0C1C1F005D65C0 /* AHLoginModalViewController.m in Sources */,
				5DC6E83C1B1956050065E397 /* AHLocationSearch.m in Sources */,
				5D37A2AE1B0C2B97005D65C0 /* AHGroup.m in Sources */,
				5D37A2BA1B0C2C26005D65C0 /* AHServiceManager.m in Sources */,
				5D37A2B01B0C2B97005D65C0 /* AHLocation.m in Sources */,
				5D8FD6881B0AB872003DC2CE /* AHMapViewController.m in Sources */,
				5DC6E8361B16A5350065E397 /* AHUserTableCell.m in Sources */,
				5D8FD6801B0AB82C003DC2CE /* DownPicker.m in Sources */,
				5D37A2E41B0D35FE005D65C0 /* AHCompoundSettingTableCell.m in Sources */,
				5D37A2DA1B0C2FD9005D65C0 /* afterhours.xcdatamodeld in Sources */,
				5D37A2D31B0C2E9C005D65C0 /* AFSecurityPolicy.m in Sources */,
				5D37A2B91B0C2C26005D65C0 /* AHDataStore.m in Sources */,
				5D37A2D01B0C2E9C005D65C0 /* AFHTTPRequestOperationManager.m in Sources */,
				5D37A2B11B0C2B97005D65C0 /* AHUser.m in Sources */,
				5D37A2E31B0D35FE005D65C0 /* AHSimpleSettingTableCell.m in Sources */,
				5D37A2D61B0C2E9C005D65C0 /* AFURLResponseSerialization.m in Sources */,
			);
			runOnlyForDeploymentPostprocessing = 0;
		};
		5D8FD6461B0AB738003DC2CE /* Sources */ = {
			isa = PBXSourcesBuildPhase;
			buildActionMask = 2147483647;
			files = (
				5D8FD6511B0AB738003DC2CE /* afterhoursTests.m in Sources */,
			);
			runOnlyForDeploymentPostprocessing = 0;
		};
/* End PBXSourcesBuildPhase section */

/* Begin PBXTargetDependency section */
		5D8FD64C1B0AB738003DC2CE /* PBXTargetDependency */ = {
			isa = PBXTargetDependency;
			target = 5D8FD62D1B0AB738003DC2CE /* afterhours */;
			targetProxy = 5D8FD64B1B0AB738003DC2CE /* PBXContainerItemProxy */;
		};
/* End PBXTargetDependency section */

/* Begin PBXVariantGroup section */
		5D8FD63E1B0AB738003DC2CE /* Main.storyboard */ = {
			isa = PBXVariantGroup;
			children = (
				5D8FD63F1B0AB738003DC2CE /* Base */,
			);
			name = Main.storyboard;
			sourceTree = "<group>";
		};
		5D8FD6431B0AB738003DC2CE /* LaunchScreen.xib */ = {
			isa = PBXVariantGroup;
			children = (
				5D8FD6441B0AB738003DC2CE /* Base */,
			);
			name = LaunchScreen.xib;
			sourceTree = "<group>";
		};
/* End PBXVariantGroup section */

/* Begin XCBuildConfiguration section */
		5D8FD6521B0AB738003DC2CE /* Debug */ = {
			isa = XCBuildConfiguration;
			buildSettings = {
				ALWAYS_SEARCH_USER_PATHS = NO;
				CLANG_CXX_LANGUAGE_STANDARD = "gnu++0x";
				CLANG_CXX_LIBRARY = "libc++";
				CLANG_ENABLE_MODULES = YES;
				CLANG_ENABLE_OBJC_ARC = YES;
				CLANG_WARN_BOOL_CONVERSION = YES;
				CLANG_WARN_CONSTANT_CONVERSION = YES;
				CLANG_WARN_DIRECT_OBJC_ISA_USAGE = YES_ERROR;
				CLANG_WARN_EMPTY_BODY = YES;
				CLANG_WARN_ENUM_CONVERSION = YES;
				CLANG_WARN_INT_CONVERSION = YES;
				CLANG_WARN_OBJC_ROOT_CLASS = YES_ERROR;
				CLANG_WARN_UNREACHABLE_CODE = YES;
				CLANG_WARN__DUPLICATE_METHOD_MATCH = YES;
				"CODE_SIGN_IDENTITY[sdk=iphoneos*]" = "iPhone Developer";
				COPY_PHASE_STRIP = NO;
				DEBUG_INFORMATION_FORMAT = "dwarf-with-dsym";
				ENABLE_STRICT_OBJC_MSGSEND = YES;
				GCC_C_LANGUAGE_STANDARD = gnu99;
				GCC_DYNAMIC_NO_PIC = NO;
				GCC_NO_COMMON_BLOCKS = YES;
				GCC_OPTIMIZATION_LEVEL = 0;
				GCC_PREPROCESSOR_DEFINITIONS = (
					"DEBUG=1",
					"$(inherited)",
				);
				GCC_SYMBOLS_PRIVATE_EXTERN = NO;
				GCC_WARN_64_TO_32_BIT_CONVERSION = YES;
				GCC_WARN_ABOUT_RETURN_TYPE = YES_ERROR;
				GCC_WARN_UNDECLARED_SELECTOR = YES;
				GCC_WARN_UNINITIALIZED_AUTOS = YES_AGGRESSIVE;
				GCC_WARN_UNUSED_FUNCTION = YES;
				GCC_WARN_UNUSED_VARIABLE = YES;
				IPHONEOS_DEPLOYMENT_TARGET = 8.3;
				MTL_ENABLE_DEBUG_INFO = YES;
				ONLY_ACTIVE_ARCH = YES;
				OTHER_LDFLAGS = "-ObjC";
				SDKROOT = iphoneos;
			};
			name = Debug;
		};
		5D8FD6531B0AB738003DC2CE /* Release */ = {
			isa = XCBuildConfiguration;
			buildSettings = {
				ALWAYS_SEARCH_USER_PATHS = NO;
				CLANG_CXX_LANGUAGE_STANDARD = "gnu++0x";
				CLANG_CXX_LIBRARY = "libc++";
				CLANG_ENABLE_MODULES = YES;
				CLANG_ENABLE_OBJC_ARC = YES;
				CLANG_WARN_BOOL_CONVERSION = YES;
				CLANG_WARN_CONSTANT_CONVERSION = YES;
				CLANG_WARN_DIRECT_OBJC_ISA_USAGE = YES_ERROR;
				CLANG_WARN_EMPTY_BODY = YES;
				CLANG_WARN_ENUM_CONVERSION = YES;
				CLANG_WARN_INT_CONVERSION = YES;
				CLANG_WARN_OBJC_ROOT_CLASS = YES_ERROR;
				CLANG_WARN_UNREACHABLE_CODE = YES;
				CLANG_WARN__DUPLICATE_METHOD_MATCH = YES;
				"CODE_SIGN_IDENTITY[sdk=iphoneos*]" = "iPhone Developer";
				COPY_PHASE_STRIP = NO;
				DEBUG_INFORMATION_FORMAT = "dwarf-with-dsym";
				ENABLE_NS_ASSERTIONS = NO;
				ENABLE_STRICT_OBJC_MSGSEND = YES;
				GCC_C_LANGUAGE_STANDARD = gnu99;
				GCC_NO_COMMON_BLOCKS = YES;
				GCC_WARN_64_TO_32_BIT_CONVERSION = YES;
				GCC_WARN_ABOUT_RETURN_TYPE = YES_ERROR;
				GCC_WARN_UNDECLARED_SELECTOR = YES;
				GCC_WARN_UNINITIALIZED_AUTOS = YES_AGGRESSIVE;
				GCC_WARN_UNUSED_FUNCTION = YES;
				GCC_WARN_UNUSED_VARIABLE = YES;
				IPHONEOS_DEPLOYMENT_TARGET = 8.3;
				MTL_ENABLE_DEBUG_INFO = NO;
				OTHER_LDFLAGS = "-ObjC";
				SDKROOT = iphoneos;
				VALIDATE_PRODUCT = YES;
			};
			name = Release;
		};
		5D8FD6551B0AB738003DC2CE /* Debug */ = {
			isa = XCBuildConfiguration;
			baseConfigurationReference = AF0A8BCAD967A5143405BCAC /* Pods.debug.xcconfig */;
			buildSettings = {
				ASSETCATALOG_COMPILER_APPICON_NAME = AppIcon;
				CLANG_ALLOW_NON_MODULAR_INCLUDES_IN_FRAMEWORK_MODULES = YES;
				FRAMEWORK_SEARCH_PATHS = (
					"$(inherited)",
					"$(PROJECT_DIR)",
					"/Users/seth/Documents/mobile_development/iOS\\ apps/Libs/FacebookSDK",
				);
				INFOPLIST_FILE = afterhours/Info.plist;
				LD_RUNPATH_SEARCH_PATHS = "$(inherited) @executable_path/Frameworks";
				PRODUCT_NAME = "$(TARGET_NAME)";
			};
			name = Debug;
		};
		5D8FD6561B0AB738003DC2CE /* Release */ = {
			isa = XCBuildConfiguration;
			baseConfigurationReference = 075295EA7FF6E5B909CF0200 /* Pods.release.xcconfig */;
			buildSettings = {
				ASSETCATALOG_COMPILER_APPICON_NAME = AppIcon;
				CLANG_ALLOW_NON_MODULAR_INCLUDES_IN_FRAMEWORK_MODULES = YES;
				FRAMEWORK_SEARCH_PATHS = (
					"$(inherited)",
					"$(PROJECT_DIR)",
					"/Users/seth/Documents/mobile_development/iOS\\ apps/Libs/FacebookSDK",
				);
				INFOPLIST_FILE = afterhours/Info.plist;
				LD_RUNPATH_SEARCH_PATHS = "$(inherited) @executable_path/Frameworks";
				PRODUCT_NAME = "$(TARGET_NAME)";
			};
			name = Release;
		};
		5D8FD6581B0AB738003DC2CE /* Debug */ = {
			isa = XCBuildConfiguration;
			buildSettings = {
				BUNDLE_LOADER = "$(TEST_HOST)";
				FRAMEWORK_SEARCH_PATHS = (
					"$(SDKROOT)/Developer/Library/Frameworks",
					"$(inherited)",
				);
				GCC_PREPROCESSOR_DEFINITIONS = (
					"DEBUG=1",
					"$(inherited)",
				);
				INFOPLIST_FILE = afterhoursTests/Info.plist;
				LD_RUNPATH_SEARCH_PATHS = "$(inherited) @executable_path/Frameworks @loader_path/Frameworks";
				PRODUCT_NAME = "$(TARGET_NAME)";
				TEST_HOST = "$(BUILT_PRODUCTS_DIR)/afterhours.app/afterhours";
			};
			name = Debug;
		};
		5D8FD6591B0AB738003DC2CE /* Release */ = {
			isa = XCBuildConfiguration;
			buildSettings = {
				BUNDLE_LOADER = "$(TEST_HOST)";
				FRAMEWORK_SEARCH_PATHS = (
					"$(SDKROOT)/Developer/Library/Frameworks",
					"$(inherited)",
				);
				INFOPLIST_FILE = afterhoursTests/Info.plist;
				LD_RUNPATH_SEARCH_PATHS = "$(inherited) @executable_path/Frameworks @loader_path/Frameworks";
				PRODUCT_NAME = "$(TARGET_NAME)";
				TEST_HOST = "$(BUILT_PRODUCTS_DIR)/afterhours.app/afterhours";
			};
			name = Release;
		};
/* End XCBuildConfiguration section */

/* Begin XCConfigurationList section */
		5D8FD6291B0AB738003DC2CE /* Build configuration list for PBXProject "afterhours" */ = {
			isa = XCConfigurationList;
			buildConfigurations = (
				5D8FD6521B0AB738003DC2CE /* Debug */,
				5D8FD6531B0AB738003DC2CE /* Release */,
			);
			defaultConfigurationIsVisible = 0;
			defaultConfigurationName = Release;
		};
		5D8FD6541B0AB738003DC2CE /* Build configuration list for PBXNativeTarget "afterhours" */ = {
			isa = XCConfigurationList;
			buildConfigurations = (
				5D8FD6551B0AB738003DC2CE /* Debug */,
				5D8FD6561B0AB738003DC2CE /* Release */,
			);
			defaultConfigurationIsVisible = 0;
			defaultConfigurationName = Release;
		};
		5D8FD6571B0AB738003DC2CE /* Build configuration list for PBXNativeTarget "afterhoursTests" */ = {
			isa = XCConfigurationList;
			buildConfigurations = (
				5D8FD6581B0AB738003DC2CE /* Debug */,
				5D8FD6591B0AB738003DC2CE /* Release */,
			);
			defaultConfigurationIsVisible = 0;
			defaultConfigurationName = Release;
		};
/* End XCConfigurationList section */

/* Begin XCVersionGroup section */
		5D37A2D81B0C2FD9005D65C0 /* afterhours.xcdatamodeld */ = {
			isa = XCVersionGroup;
			children = (
				5D37A2D91B0C2FD9005D65C0 /* AfterHoursModels.xcdatamodel */,
			);
			currentVersion = 5D37A2D91B0C2FD9005D65C0 /* AfterHoursModels.xcdatamodel */;
			path = afterhours.xcdatamodeld;
			sourceTree = "<group>";
			versionGroupType = wrapper.xcdatamodel;
		};
/* End XCVersionGroup section */
	};
	rootObject = 5D8FD6261B0AB738003DC2CE /* Project object */;
}
